
Microsoft Visual Studio Solution File, Format Version 12.00
# Visual Studio Version 16
VisualStudioVersion = 16.0.29728.190
MinimumVisualStudioVersion = 10.0.40219.1
Project("{FAE04EC0-301F-11D3-BF4B-00C04F79EFBC}") = "SimpleRestApi", "SimpleRestApi\SimpleRestApi.csproj", "{189FD146-6C34-4912-8D92-52AE6D59D52C}"
EndProject
Global
	GlobalSection(SolutionConfigurationPlatforms) = preSolution
		Debug|Any CPU = Debug|Any CPU
		Release|Any CPU = Release|Any CPU
	EndGlobalSection
	GlobalSection(ProjectConfigurationPlatforms) = postSolution
		{189FD146-6C34-4912-8D92-52AE6D59D52C}.Debug|Any CPU.ActiveCfg = Debug|Any CPU
		{189FD146-6C34-4912-8D92-52AE6D59D52C}.Debug|Any CPU.Build.0 = Debug|Any CPU
		{189FD146-6C34-4912-8D92-52AE6D59D52C}.Release|Any CPU.ActiveCfg = Release|Any CPU
		{189FD146-6C34-4912-8D92-52AE6D59D52C}.Release|Any CPU.Build.0 = Release|Any CPU
	EndGlobalSection
	GlobalSection(SolutionProperties) = preSolution
		HideSolutionNode = FALSE
	EndGlobalSection
	GlobalSection(ExtensibilityGlobals) = postSolution
		SolutionGuid = {67503081-5F68-4091-A04A-8369F3EBC829}
	EndGlobalSection
EndGlobal
